
Microsoft Visual Studio Solution File, Format Version 12.00
# Visual Studio Version 17
VisualStudioVersion = 17.4.33122.133
MinimumVisualStudioVersion = 10.0.40219.1
Project("{FAE04EC0-301F-11D3-BF4B-00C04F79EFBC}") = "LectureHouse", "LectureHouse.csproj", "{04E71F09-7143-4939-B974-752F8D12ECD0}"
EndProject
Global
	GlobalSection(SolutionConfigurationPlatforms) = preSolution
		Debug|Any CPU = Debug|Any CPU
		Release|Any CPU = Release|Any CPU
	EndGlobalSection
	GlobalSection(ProjectConfigurationPlatforms) = postSolution
		{04E71F09-7143-4939-B974-752F8D12ECD0}.Debug|Any CPU.ActiveCfg = Debug|Any CPU
		{04E71F09-7143-4939-B974-752F8D12ECD0}.Debug|Any CPU.Build.0 = Debug|Any CPU
		{04E71F09-7143-4939-B974-752F8D12ECD0}.Release|Any CPU.ActiveCfg = Release|Any CPU
		{04E71F09-7143-4939-B974-752F8D12ECD0}.Release|Any CPU.Build.0 = Release|Any CPU
	EndGlobalSection
	GlobalSection(SolutionProperties) = preSolution
		HideSolutionNode = FALSE
	EndGlobalSection
	GlobalSection(ExtensibilityGlobals) = postSolution
		SolutionGuid = {CB280B27-B19B-46C5-9858-A78AF85B8954}
	EndGlobalSection
EndGlobal
